
Microsoft Visual Studio Solution File, Format Version 12.00
# Visual Studio Version 17
VisualStudioVersion = 17.3.32825.248
MinimumVisualStudioVersion = 10.0.40219.1
Project("{6EC3EE1D-3C4E-46DD-8F32-0CC8E7565705}") = "ScrapperDispatcherActor", "ScrapperDispatcherActor\ScrapperDispatcherActor.fsproj", "{0260D4FF-EDAA-419B-9245-54B01D6F491E}"
EndProject
Project("{6EC3EE1D-3C4E-46DD-8F32-0CC8E7565705}") = "ScrapperModels", "Libs\Scrapper\ScrapperModels\ScrapperModels.fsproj", "{E947F499-D423-4DBE-9CC2-44D6A6903D9C}"
EndProject
Project("{6EC3EE1D-3C4E-46DD-8F32-0CC8E7565705}") = "AzureTable", "Libs\Common\AzureTable\AzureTable.fsproj", "{EF5B9ACB-BB60-4831-A56D-4FFE304DACC3}"
EndProject
Project("{6EC3EE1D-3C4E-46DD-8F32-0CC8E7565705}") = "AzureBlob", "Libs\Common\AzureBlob\AzureBlob.fsproj", "{8D1E1C4F-96ED-4017-9CDA-249DDC91CC0A}"
EndProject
Project("{6EC3EE1D-3C4E-46DD-8F32-0CC8E7565705}") = "DaprActor", "Libs\Common\DaprActor\DaprActor.fsproj", "{5DBF5DA9-5682-4635-8FA4-CCD0E7E3D543}"
EndProject
Project("{6EC3EE1D-3C4E-46DD-8F32-0CC8E7565705}") = "ScrapperAPI", "ScrapperAPI\ScrapperAPI.fsproj", "{F02BB001-5153-4A33-9A68-C4EFE4ADDC83}"
EndProject
Project("{6EC3EE1D-3C4E-46DD-8F32-0CC8E7565705}") = "DaprState", "Libs\Common\DaprState\DaprState.fsproj", "{995A17BD-B97B-494C-801D-F7258A6E24CD}"
EndProject
Project("{6EC3EE1D-3C4E-46DD-8F32-0CC8E7565705}") = "ScrapperRepo", "Libs\Scrapper\ScrapperRepo\ScrapperRepo.fsproj", "{A3B54AA6-14D5-4398-811B-394FA8FE8009}"
EndProject
Project("{6EC3EE1D-3C4E-46DD-8F32-0CC8E7565705}") = "DaprAPI", "Libs\Common\DaprAPI\DaprAPI.fsproj", "{5E0210D7-D684-4C0D-9009-F1F55F20E538}"
EndProject
Project("{6EC3EE1D-3C4E-46DD-8F32-0CC8E7565705}") = "Repo", "Libs\Common\Repo\Repo.fsproj", "{3B679DA8-917A-437F-9AE8-F42DAB87C454}"
EndProject
Project("{6EC3EE1D-3C4E-46DD-8F32-0CC8E7565705}") = "ScrapperElasticStoreActor", "ScrapperElasticStoreActor\ScrapperElasticStoreActor.fsproj", "{1B9BF615-9D9B-4C1F-B830-FD58990C62E3}"
EndProject
Project("{F2A71F9B-5D33-465A-A702-920D77279786}") = "Utils", "Libs\Common\Utils\Utils.fsproj", "{78DCE15E-E1F0-49EE-A5FA-297EEBB8AB1B}"
EndProject
Global
	GlobalSection(SolutionConfigurationPlatforms) = preSolution
		Debug|Any CPU = Debug|Any CPU
		Release|Any CPU = Release|Any CPU
	EndGlobalSection
	GlobalSection(ProjectConfigurationPlatforms) = postSolution
		{0260D4FF-EDAA-419B-9245-54B01D6F491E}.Debug|Any CPU.ActiveCfg = Debug|Any CPU
		{0260D4FF-EDAA-419B-9245-54B01D6F491E}.Debug|Any CPU.Build.0 = Debug|Any CPU
		{0260D4FF-EDAA-419B-9245-54B01D6F491E}.Release|Any CPU.ActiveCfg = Release|Any CPU
		{0260D4FF-EDAA-419B-9245-54B01D6F491E}.Release|Any CPU.Build.0 = Release|Any CPU
		{E947F499-D423-4DBE-9CC2-44D6A6903D9C}.Debug|Any CPU.ActiveCfg = Debug|Any CPU
		{E947F499-D423-4DBE-9CC2-44D6A6903D9C}.Debug|Any CPU.Build.0 = Debug|Any CPU
		{E947F499-D423-4DBE-9CC2-44D6A6903D9C}.Release|Any CPU.ActiveCfg = Release|Any CPU
		{E947F499-D423-4DBE-9CC2-44D6A6903D9C}.Release|Any CPU.Build.0 = Release|Any CPU
		{EF5B9ACB-BB60-4831-A56D-4FFE304DACC3}.Debug|Any CPU.ActiveCfg = Debug|Any CPU
		{EF5B9ACB-BB60-4831-A56D-4FFE304DACC3}.Debug|Any CPU.Build.0 = Debug|Any CPU
		{EF5B9ACB-BB60-4831-A56D-4FFE304DACC3}.Release|Any CPU.ActiveCfg = Release|Any CPU
		{EF5B9ACB-BB60-4831-A56D-4FFE304DACC3}.Release|Any CPU.Build.0 = Release|Any CPU
		{8D1E1C4F-96ED-4017-9CDA-249DDC91CC0A}.Debug|Any CPU.ActiveCfg = Debug|Any CPU
		{8D1E1C4F-96ED-4017-9CDA-249DDC91CC0A}.Debug|Any CPU.Build.0 = Debug|Any CPU
		{8D1E1C4F-96ED-4017-9CDA-249DDC91CC0A}.Release|Any CPU.ActiveCfg = Release|Any CPU
		{8D1E1C4F-96ED-4017-9CDA-249DDC91CC0A}.Release|Any CPU.Build.0 = Release|Any CPU
		{5DBF5DA9-5682-4635-8FA4-CCD0E7E3D543}.Debug|Any CPU.ActiveCfg = Debug|Any CPU
		{5DBF5DA9-5682-4635-8FA4-CCD0E7E3D543}.Debug|Any CPU.Build.0 = Debug|Any CPU
		{5DBF5DA9-5682-4635-8FA4-CCD0E7E3D543}.Release|Any CPU.ActiveCfg = Release|Any CPU
		{5DBF5DA9-5682-4635-8FA4-CCD0E7E3D543}.Release|Any CPU.Build.0 = Release|Any CPU
		{F02BB001-5153-4A33-9A68-C4EFE4ADDC83}.Debug|Any CPU.ActiveCfg = Debug|Any CPU
		{F02BB001-5153-4A33-9A68-C4EFE4ADDC83}.Debug|Any CPU.Build.0 = Debug|Any CPU
		{F02BB001-5153-4A33-9A68-C4EFE4ADDC83}.Release|Any CPU.ActiveCfg = Release|Any CPU
		{F02BB001-5153-4A33-9A68-C4EFE4ADDC83}.Release|Any CPU.Build.0 = Release|Any CPU
		{995A17BD-B97B-494C-801D-F7258A6E24CD}.Debug|Any CPU.ActiveCfg = Debug|Any CPU
		{995A17BD-B97B-494C-801D-F7258A6E24CD}.Debug|Any CPU.Build.0 = Debug|Any CPU
		{995A17BD-B97B-494C-801D-F7258A6E24CD}.Release|Any CPU.ActiveCfg = Release|Any CPU
		{995A17BD-B97B-494C-801D-F7258A6E24CD}.Release|Any CPU.Build.0 = Release|Any CPU
		{A3B54AA6-14D5-4398-811B-394FA8FE8009}.Debug|Any CPU.ActiveCfg = Debug|Any CPU
		{A3B54AA6-14D5-4398-811B-394FA8FE8009}.Debug|Any CPU.Build.0 = Debug|Any CPU
		{A3B54AA6-14D5-4398-811B-394FA8FE8009}.Release|Any CPU.ActiveCfg = Release|Any CPU
		{A3B54AA6-14D5-4398-811B-394FA8FE8009}.Release|Any CPU.Build.0 = Release|Any CPU
		{5E0210D7-D684-4C0D-9009-F1F55F20E538}.Debug|Any CPU.ActiveCfg = Debug|Any CPU
		{5E0210D7-D684-4C0D-9009-F1F55F20E538}.Debug|Any CPU.Build.0 = Debug|Any CPU
		{5E0210D7-D684-4C0D-9009-F1F55F20E538}.Release|Any CPU.ActiveCfg = Release|Any CPU
		{5E0210D7-D684-4C0D-9009-F1F55F20E538}.Release|Any CPU.Build.0 = Release|Any CPU
		{3B679DA8-917A-437F-9AE8-F42DAB87C454}.Debug|Any CPU.ActiveCfg = Debug|Any CPU
		{3B679DA8-917A-437F-9AE8-F42DAB87C454}.Debug|Any CPU.Build.0 = Debug|Any CPU
		{3B679DA8-917A-437F-9AE8-F42DAB87C454}.Release|Any CPU.ActiveCfg = Release|Any CPU
		{3B679DA8-917A-437F-9AE8-F42DAB87C454}.Release|Any CPU.Build.0 = Release|Any CPU
		{1B9BF615-9D9B-4C1F-B830-FD58990C62E3}.Debug|Any CPU.ActiveCfg = Debug|Any CPU
		{1B9BF615-9D9B-4C1F-B830-FD58990C62E3}.Debug|Any CPU.Build.0 = Debug|Any CPU
		{1B9BF615-9D9B-4C1F-B830-FD58990C62E3}.Release|Any CPU.ActiveCfg = Release|Any CPU
		{1B9BF615-9D9B-4C1F-B830-FD58990C62E3}.Release|Any CPU.Build.0 = Release|Any CPU
		{78DCE15E-E1F0-49EE-A5FA-297EEBB8AB1B}.Debug|Any CPU.ActiveCfg = Debug|Any CPU
		{78DCE15E-E1F0-49EE-A5FA-297EEBB8AB1B}.Debug|Any CPU.Build.0 = Debug|Any CPU
		{78DCE15E-E1F0-49EE-A5FA-297EEBB8AB1B}.Release|Any CPU.ActiveCfg = Release|Any CPU
		{78DCE15E-E1F0-49EE-A5FA-297EEBB8AB1B}.Release|Any CPU.Build.0 = Release|Any CPU
	EndGlobalSection
	GlobalSection(SolutionProperties) = preSolution
		HideSolutionNode = FALSE
	EndGlobalSection
	GlobalSection(ExtensibilityGlobals) = postSolution
		SolutionGuid = {A456DAB1-C963-4BD5-B6B6-16B4C3CD8EC5}
	EndGlobalSection
EndGlobal
